
Microsoft Visual Studio Solution File, Format Version 12.00
# Visual Studio Version 16
VisualStudioVersion = 16.0.35026.282
MinimumVisualStudioVersion = 10.0.40219.1
Project("{8BC9CEB8-8B4A-11D0-8D11-00A0C91BC942}") = "Cascades", "src\cascades.vcxproj", "{F3917BF2-0C25-4C6D-B2EB-EE462DC22F14}"
EndProject
Project("{8BC9CEB8-8B4A-11D0-8D11-00A0C91BC942}") = "CscdSvc", "CscdSvc\CscdSvc.vcxproj", "{286EEF2A-FCB8-4FA7-A1BD-3F59CCFF4F1B}"
EndProject
Project("{8BC9CEB8-8B4A-11D0-8D11-00A0C91BC942}") = "CscdCtl", "CscdCtl\CscdCtl.vcxproj", "{BBC816C5-6D68-4CFE-8954-58F93C0382D9}"
EndProject
Project("{8BC9CEB8-8B4A-11D0-8D11-00A0C91BC942}") = "CscdCfg", "CscdCfg\CscdCfg.vcxproj", "{0071D3E6-CB60-43FD-A17F-9D7DF735A5B4}"
EndProject
Global
	GlobalSection(SolutionConfigurationPlatforms) = preSolution
		Debug|x64 = Debug|x64
		Debug|x86 = Debug|x86
		Release|x64 = Release|x64
		Release|x86 = Release|x86
	EndGlobalSection
	GlobalSection(ProjectConfigurationPlatforms) = postSolution
		{F3917BF2-0C25-4C6D-B2EB-EE462DC22F14}.Debug|x64.ActiveCfg = Debug|x64
		{F3917BF2-0C25-4C6D-B2EB-EE462DC22F14}.Debug|x86.ActiveCfg = Debug|Win32
		{F3917BF2-0C25-4C6D-B2EB-EE462DC22F14}.Release|x64.ActiveCfg = Release|x64
		{F3917BF2-0C25-4C6D-B2EB-EE462DC22F14}.Release|x86.ActiveCfg = Release|Win32
		{286EEF2A-FCB8-4FA7-A1BD-3F59CCFF4F1B}.Debug|x64.ActiveCfg = Debug|x64
		{286EEF2A-FCB8-4FA7-A1BD-3F59CCFF4F1B}.Debug|x64.Build.0 = Debug|x64
		{286EEF2A-FCB8-4FA7-A1BD-3F59CCFF4F1B}.Debug|x86.ActiveCfg = Debug|Win32
		{286EEF2A-FCB8-4FA7-A1BD-3F59CCFF4F1B}.Debug|x86.Build.0 = Debug|Win32
		{286EEF2A-FCB8-4FA7-A1BD-3F59CCFF4F1B}.Release|x64.ActiveCfg = Release|x64
		{286EEF2A-FCB8-4FA7-A1BD-3F59CCFF4F1B}.Release|x64.Build.0 = Release|x64
		{286EEF2A-FCB8-4FA7-A1BD-3F59CCFF4F1B}.Release|x86.ActiveCfg = Release|Win32
		{286EEF2A-FCB8-4FA7-A1BD-3F59CCFF4F1B}.Release|x86.Build.0 = Release|Win32
		{BBC816C5-6D68-4CFE-8954-58F93C0382D9}.Debug|x64.ActiveCfg = Debug|x64
		{BBC816C5-6D68-4CFE-8954-58F93C0382D9}.Debug|x64.Build.0 = Debug|x64
		{BBC816C5-6D68-4CFE-8954-58F93C0382D9}.Debug|x86.ActiveCfg = Debug|Win32
		{BBC816C5-6D68-4CFE-8954-58F93C0382D9}.Debug|x86.Build.0 = Debug|Win32
		{BBC816C5-6D68-4CFE-8954-58F93C0382D9}.Release|x64.ActiveCfg = Release|x64
		{BBC816C5-6D68-4CFE-8954-58F93C0382D9}.Release|x64.Build.0 = Release|x64
		{BBC816C5-6D68-4CFE-8954-58F93C0382D9}.Release|x86.ActiveCfg = Release|Win32
		{BBC816C5-6D68-4CFE-8954-58F93C0382D9}.Release|x86.Build.0 = Release|Win32
		{0071D3E6-CB60-43FD-A17F-9D7DF735A5B4}.Debug|x64.ActiveCfg = Debug|x64
		{0071D3E6-CB60-43FD-A17F-9D7DF735A5B4}.Debug|x64.Build.0 = Debug|x64
		{0071D3E6-CB60-43FD-A17F-9D7DF735A5B4}.Debug|x86.ActiveCfg = Debug|Win32
		{0071D3E6-CB60-43FD-A17F-9D7DF735A5B4}.Debug|x86.Build.0 = Debug|Win32
		{0071D3E6-CB60-43FD-A17F-9D7DF735A5B4}.Release|x64.ActiveCfg = Release|x64
		{0071D3E6-CB60-43FD-A17F-9D7DF735A5B4}.Release|x64.Build.0 = Release|x64
		{0071D3E6-CB60-43FD-A17F-9D7DF735A5B4}.Release|x86.ActiveCfg = Release|Win32
		{0071D3E6-CB60-43FD-A17F-9D7DF735A5B4}.Release|x86.Build.0 = Release|Win32
	EndGlobalSection
	GlobalSection(SolutionProperties) = preSolution
		HideSolutionNode = FALSE
	EndGlobalSection
	GlobalSection(ExtensibilityGlobals) = postSolution
		SolutionGuid = {9D36C5E9-EE24-4336-B638-49723264848D}
	EndGlobalSection
EndGlobal
